
Microsoft Visual Studio Solution File, Format Version 12.00
# Visual Studio Version 17
VisualStudioVersion = 17.6.33712.159
MinimumVisualStudioVersion = 10.0.40219.1
Project("{FAE04EC0-301F-11D3-BF4B-00C04F79EFBC}") = "FrmLab1", "FrmLab1.csproj", "{59A9E163-ABE9-42CB-B7CD-D61D4D7FA074}"
EndProject
Global
	GlobalSection(SolutionConfigurationPlatforms) = preSolution
		Debug|Any CPU = Debug|Any CPU
		Release|Any CPU = Release|Any CPU
	EndGlobalSection
	GlobalSection(ProjectConfigurationPlatforms) = postSolution
		{59A9E163-ABE9-42CB-B7CD-D61D4D7FA074}.Debug|Any CPU.ActiveCfg = Debug|Any CPU
		{59A9E163-ABE9-42CB-B7CD-D61D4D7FA074}.Debug|Any CPU.Build.0 = Debug|Any CPU
		{59A9E163-ABE9-42CB-B7CD-D61D4D7FA074}.Release|Any CPU.ActiveCfg = Release|Any CPU
		{59A9E163-ABE9-42CB-B7CD-D61D4D7FA074}.Release|Any CPU.Build.0 = Release|Any CPU
	EndGlobalSection
	GlobalSection(SolutionProperties) = preSolution
		HideSolutionNode = FALSE
	EndGlobalSection
	GlobalSection(ExtensibilityGlobals) = postSolution
		SolutionGuid = {830C0FBB-7514-40E6-8008-A3D2D222D63F}
	EndGlobalSection
EndGlobal
